{
  "version": 4,
  "terraform_version": "1.2.5",
  "serial": 11,
  "lineage": "8578a1f9-9234-9f14-0f3d-f59e8cbf1363",
  "outputs": {
    "app_client_id": {
      "value": "2d50350c-5852-463e-a0c7-08521878cec5",
      "type": "string"
    },
    "app_id": {
      "value": "19e55799-3636-47ee-8dc0-29115d78cdd0",
      "type": "string"
    },
    "app_service_principal_object_id": {
      "value": "c1360d99-db51-48eb-b22e-2dba4d965574",
      "type": "string"
    },
    "client_current_tenant_id": {
      "value": "2890298d-6798-4ee8-8e84-320d2c1268cb",
      "type": "string"
    },
    "client_secret_value": {
      "value": "Fv48Q~W8-MewD.MMKPs_PcVWUlcTr97cIbTIPbJi",
      "type": "string",
      "sensitive": true
    },
    "subcription_id": {
      "value": "aaeab904-6f27-4f6f-8d79-04f05683e036",
      "type": "string"
    }
  },
  "resources": [
    {
      "module": "module.app_create",
      "mode": "data",
      "type": "azuread_client_config",
      "name": "current",
      "provider": "provider[\"registry.terraform.io/hashicorp/azuread\"].azrd_auth_connect_user",
      "instances": [
        {
          "schema_version": 0,
          "attributes": {
            "client_id": "04b07795-8ddb-461a-bbee-02f9e1bf7b46",
            "id": "2890298d-6798-4ee8-8e84-320d2c1268cb-04b07795-8ddb-461a-bbee-02f9e1bf7b46-6d4b94b2-05bf-43e6-93e3-2c883eb15d68",
            "object_id": "6d4b94b2-05bf-43e6-93e3-2c883eb15d68",
            "tenant_id": "2890298d-6798-4ee8-8e84-320d2c1268cb",
            "timeouts": null
          },
          "sensitive_attributes": []
        }
      ]
    },
    {
      "module": "module.app_create",
      "mode": "data",
      "type": "azurerm_subscription",
      "name": "primary",
      "provider": "provider[\"registry.terraform.io/hashicorp/azurerm\"].azrm_auth_connect_user",
      "instances": [
        {
          "schema_version": 0,
          "attributes": {
            "display_name": "Free Trial",
            "id": "/subscriptions/aaeab904-6f27-4f6f-8d79-04f05683e036",
            "location_placement_id": "Public_2014-09-01",
            "quota_id": "FreeTrial_2014-09-01",
            "spending_limit": "On",
            "state": "Warned",
            "subscription_id": "aaeab904-6f27-4f6f-8d79-04f05683e036",
            "tags": {},
            "tenant_id": "2890298d-6798-4ee8-8e84-320d2c1268cb",
            "timeouts": null
          },
          "sensitive_attributes": []
        }
      ]
    },
    {
      "module": "module.app_create",
      "mode": "managed",
      "type": "azuread_application",
      "name": "test_active_directory_tf",
      "provider": "provider[\"registry.terraform.io/hashicorp/azuread\"].azrd_auth_connect_user",
      "instances": [
        {
          "schema_version": 1,
          "attributes": {
            "api": [
              {
                "known_client_applications": [],
                "mapped_claims_enabled": false,
                "oauth2_permission_scope": [],
                "requested_access_token_version": 1
              }
            ],
            "app_role": [],
            "app_role_ids": {},
            "application_id": "2d50350c-5852-463e-a0c7-08521878cec5",
            "device_only_auth_enabled": false,
            "disabled_by_microsoft": "\u003cnil\u003e",
            "display_name": "test_active_directory_tf",
            "fallback_public_client_enabled": false,
            "feature_tags": [
              {
                "custom_single_sign_on": false,
                "enterprise": false,
                "gallery": false,
                "hide": false
              }
            ],
            "group_membership_claims": [],
            "id": "19e55799-3636-47ee-8dc0-29115d78cdd0",
            "identifier_uris": [],
            "logo_image": "",
            "logo_url": "",
            "marketing_url": "",
            "oauth2_permission_scope_ids": {},
            "oauth2_post_response_required": false,
            "object_id": "19e55799-3636-47ee-8dc0-29115d78cdd0",
            "optional_claims": [
              {
                "access_token": [],
                "id_token": [],
                "saml2_token": []
              }
            ],
            "owners": [
              "6d4b94b2-05bf-43e6-93e3-2c883eb15d68"
            ],
            "prevent_duplicate_names": false,
            "privacy_statement_url": "",
            "public_client": [
              {
                "redirect_uris": []
              }
            ],
            "publisher_domain": "testgcpusertwogmail.onmicrosoft.com",
            "required_resource_access": [],
            "sign_in_audience": "AzureADMyOrg",
            "single_page_application": [
              {
                "redirect_uris": []
              }
            ],
            "support_url": "",
            "tags": [],
            "template_id": "",
            "terms_of_service_url": "",
            "timeouts": null,
            "web": [
              {
                "homepage_url": "",
                "implicit_grant": [
                  {
                    "access_token_issuance_enabled": false,
                    "id_token_issuance_enabled": false
                  }
                ],
                "logout_url": "",
                "redirect_uris": [
                  "https://qingmin.com/auth"
                ]
              }
            ]
          },
          "sensitive_attributes": [],
          "private": "eyJlMmJmYjczMC1lY2FhLTExZTYtOGY4OC0zNDM2M2JjN2M0YzAiOnsiY3JlYXRlIjo2MDAwMDAwMDAwMDAsImRlbGV0ZSI6MzAwMDAwMDAwMDAwLCJyZWFkIjozMDAwMDAwMDAwMDAsInVwZGF0ZSI6NjAwMDAwMDAwMDAwfSwic2NoZW1hX3ZlcnNpb24iOiIxIn0=",
          "dependencies": [
            "module.app_create.data.azuread_client_config.current"
          ]
        }
      ]
    },
    {
      "module": "module.app_create",
      "mode": "managed",
      "type": "azuread_application_password",
      "name": "test_active_directory_client_tf",
      "provider": "provider[\"registry.terraform.io/hashicorp/azuread\"].azrd_auth_connect_user",
      "instances": [
        {
          "schema_version": 1,
          "attributes": {
            "application_object_id": "19e55799-3636-47ee-8dc0-29115d78cdd0",
            "display_name": "test_active_directory_client_tf",
            "end_date": "2022-10-27T00:00:00Z",
            "end_date_relative": null,
            "id": "19e55799-3636-47ee-8dc0-29115d78cdd0/password/1fa9f4f7-b4ea-44d4-aff8-3361bf791ba3",
            "key_id": "1fa9f4f7-b4ea-44d4-aff8-3361bf791ba3",
            "rotate_when_changed": null,
            "start_date": "2022-08-18T07:38:36Z",
            "timeouts": null,
            "value": "Fv48Q~W8-MewD.MMKPs_PcVWUlcTr97cIbTIPbJi"
          },
          "sensitive_attributes": [],
          "private": "eyJlMmJmYjczMC1lY2FhLTExZTYtOGY4OC0zNDM2M2JjN2M0YzAiOnsiY3JlYXRlIjo5MDAwMDAwMDAwMDAsImRlbGV0ZSI6MzAwMDAwMDAwMDAwLCJyZWFkIjozMDAwMDAwMDAwMDAsInVwZGF0ZSI6MzAwMDAwMDAwMDAwfSwic2NoZW1hX3ZlcnNpb24iOiIxIn0=",
          "dependencies": [
            "module.app_create.azuread_application.test_active_directory_tf",
            "module.app_create.azuread_service_principal.test_active_directory_tf",
            "module.app_create.data.azuread_client_config.current"
          ]
        }
      ]
    },
    {
      "module": "module.app_create",
      "mode": "managed",
      "type": "azuread_service_principal",
      "name": "test_active_directory_tf",
      "provider": "provider[\"registry.terraform.io/hashicorp/azuread\"].azrd_auth_connect_user",
      "instances": [
        {
          "schema_version": 0,
          "attributes": {
            "account_enabled": true,
            "alternative_names": [],
            "app_role_assignment_required": false,
            "app_role_ids": {},
            "app_roles": [],
            "application_id": "2d50350c-5852-463e-a0c7-08521878cec5",
            "application_tenant_id": "2890298d-6798-4ee8-8e84-320d2c1268cb",
            "description": "",
            "display_name": "test_active_directory_tf",
            "feature_tags": [
              {
                "custom_single_sign_on": false,
                "enterprise": true,
                "gallery": false,
                "hide": false
              }
            ],
            "features": [
              {
                "custom_single_sign_on_app": false,
                "enterprise_application": true,
                "gallery_application": false,
                "visible_to_users": true
              }
            ],
            "homepage_url": "",
            "id": "c1360d99-db51-48eb-b22e-2dba4d965574",
            "login_url": "",
            "logout_url": "",
            "notes": "",
            "notification_email_addresses": [],
            "oauth2_permission_scope_ids": {},
            "oauth2_permission_scopes": [],
            "object_id": "c1360d99-db51-48eb-b22e-2dba4d965574",
            "owners": [],
            "preferred_single_sign_on_mode": "",
            "redirect_uris": [
              "https://qingmin.com/auth"
            ],
            "saml_metadata_url": "",
            "saml_single_sign_on": [
              {
                "relay_state": ""
              }
            ],
            "service_principal_names": [],
            "sign_in_audience": "AzureADMyOrg",
            "tags": [
              "WindowsAzureActiveDirectoryIntegratedApp"
            ],
            "timeouts": null,
            "type": "Application",
            "use_existing": null
          },
          "sensitive_attributes": [],
          "private": "eyJlMmJmYjczMC1lY2FhLTExZTYtOGY4OC0zNDM2M2JjN2M0YzAiOnsiY3JlYXRlIjo2MDAwMDAwMDAwMDAsImRlbGV0ZSI6MzAwMDAwMDAwMDAwLCJyZWFkIjozMDAwMDAwMDAwMDAsInVwZGF0ZSI6NjAwMDAwMDAwMDAwfX0=",
          "dependencies": [
            "module.app_create.azuread_application.test_active_directory_tf",
            "module.app_create.data.azuread_client_config.current"
          ]
        }
      ]
    },
    {
      "module": "module.env_init",
      "mode": "managed",
      "type": "local_file",
      "name": "generate_shell_script_for_evn_init",
      "provider": "provider[\"registry.terraform.io/hashicorp/local\"]",
      "instances": [
        {
          "schema_version": 0,
          "attributes": {
            "content": "#!/bin/bash\nexport ARM_CLIENT_ID=2d50350c-5852-463e-a0c7-08521878cec5\nexport ARM_CLIENT_SECRET=Fv48Q~W8-MewD.MMKPs_PcVWUlcTr97cIbTIPbJi\nexport ARM_TENANT_ID=2890298d-6798-4ee8-8e84-320d2c1268cb\nexport AZURE_CLIENT_ID=2d50350c-5852-463e-a0c7-08521878cec5\nexport AZURE_CLIENT_SECRET=Fv48Q~W8-MewD.MMKPs_PcVWUlcTr97cIbTIPbJi\nexport AZURE_TENANT_ID=2890298d-6798-4ee8-8e84-320d2c1268cb\nexport ARM_SUBSCRIPTION_ID=aaeab904-6f27-4f6f-8d79-04f05683e036",
            "content_base64": null,
            "directory_permission": "0777",
            "file_permission": "0777",
            "filename": "/Users/chenqingmin/Codes/terraform_test_azure_app_project/generate_shell_script_for_evn_init.sh",
            "id": "1b9cbfad6d293bebf00bf28c9a944c1c30377cf5",
            "sensitive_content": null,
            "source": null
          },
          "sensitive_attributes": [
            [
              {
                "type": "get_attr",
                "value": "content"
              }
            ]
          ],
          "private": "bnVsbA==",
          "dependencies": [
            "module.app_create.azuread_application.test_active_directory_tf",
            "module.app_create.azuread_application_password.test_active_directory_client_tf",
            "module.app_create.azuread_service_principal.test_active_directory_tf",
            "module.app_create.data.azuread_client_config.current",
            "module.app_create.data.azurerm_subscription.primary"
          ]
        }
      ]
    },
    {
      "module": "module.env_init",
      "mode": "managed",
      "type": "null_resource",
      "name": "execute_env_init",
      "provider": "provider[\"registry.terraform.io/hashicorp/null\"]",
      "instances": [
        {
          "schema_version": 0,
          "attributes": {
            "id": "2282016211058209409",
            "triggers": null
          },
          "sensitive_attributes": [],
          "private": "bnVsbA==",
          "dependencies": [
            "module.app_create.azuread_application.test_active_directory_tf",
            "module.app_create.azuread_application_password.test_active_directory_client_tf",
            "module.app_create.azuread_service_principal.test_active_directory_tf",
            "module.app_create.data.azuread_client_config.current",
            "module.app_create.data.azurerm_subscription.primary",
            "module.env_init.local_file.generate_shell_script_for_evn_init"
          ]
        }
      ]
    }
  ]
}
